
Microsoft Visual Studio Solution File, Format Version 12.00
# Visual Studio 15
VisualStudioVersion = 15.0.26124.0
MinimumVisualStudioVersion = 15.0.26124.0
Project("{FAE04EC0-301F-11D3-BF4B-00C04F79EFBC}") = "GameTOP", "GameTOP\GameTOP.csproj", "{6A95D1B2-721A-45AE-8EDC-1EF75000AEA6}"
EndProject
Project("{FAE04EC0-301F-11D3-BF4B-00C04F79EFBC}") = "GameTOP.lib", "GameTOP.Lib\GameTOP.lib.csproj", "{5F9D560D-3F66-4E6B-A8A1-4FDE5AD30BCB}"
EndProject
Project("{FAE04EC0-301F-11D3-BF4B-00C04F79EFBC}") = "GameTOP.Interface", "GameTOP.Interface\GameTOP.Interface.csproj", "{5BBFB6F6-D9D2-405A-89EF-8C89645576EC}"
EndProject
Global
	GlobalSection(SolutionConfigurationPlatforms) = preSolution
		Debug|Any CPU = Debug|Any CPU
		Debug|x64 = Debug|x64
		Debug|x86 = Debug|x86
		Release|Any CPU = Release|Any CPU
		Release|x64 = Release|x64
		Release|x86 = Release|x86
	EndGlobalSection
	GlobalSection(SolutionProperties) = preSolution
		HideSolutionNode = FALSE
	EndGlobalSection
	GlobalSection(ProjectConfigurationPlatforms) = postSolution
		{6A95D1B2-721A-45AE-8EDC-1EF75000AEA6}.Debug|Any CPU.ActiveCfg = Debug|Any CPU
		{6A95D1B2-721A-45AE-8EDC-1EF75000AEA6}.Debug|Any CPU.Build.0 = Debug|Any CPU
		{6A95D1B2-721A-45AE-8EDC-1EF75000AEA6}.Debug|x64.ActiveCfg = Debug|Any CPU
		{6A95D1B2-721A-45AE-8EDC-1EF75000AEA6}.Debug|x64.Build.0 = Debug|Any CPU
		{6A95D1B2-721A-45AE-8EDC-1EF75000AEA6}.Debug|x86.ActiveCfg = Debug|Any CPU
		{6A95D1B2-721A-45AE-8EDC-1EF75000AEA6}.Debug|x86.Build.0 = Debug|Any CPU
		{6A95D1B2-721A-45AE-8EDC-1EF75000AEA6}.Release|Any CPU.ActiveCfg = Release|Any CPU
		{6A95D1B2-721A-45AE-8EDC-1EF75000AEA6}.Release|Any CPU.Build.0 = Release|Any CPU
		{6A95D1B2-721A-45AE-8EDC-1EF75000AEA6}.Release|x64.ActiveCfg = Release|Any CPU
		{6A95D1B2-721A-45AE-8EDC-1EF75000AEA6}.Release|x64.Build.0 = Release|Any CPU
		{6A95D1B2-721A-45AE-8EDC-1EF75000AEA6}.Release|x86.ActiveCfg = Release|Any CPU
		{6A95D1B2-721A-45AE-8EDC-1EF75000AEA6}.Release|x86.Build.0 = Release|Any CPU
		{5F9D560D-3F66-4E6B-A8A1-4FDE5AD30BCB}.Debug|Any CPU.ActiveCfg = Debug|Any CPU
		{5F9D560D-3F66-4E6B-A8A1-4FDE5AD30BCB}.Debug|Any CPU.Build.0 = Debug|Any CPU
		{5F9D560D-3F66-4E6B-A8A1-4FDE5AD30BCB}.Debug|x64.ActiveCfg = Debug|Any CPU
		{5F9D560D-3F66-4E6B-A8A1-4FDE5AD30BCB}.Debug|x64.Build.0 = Debug|Any CPU
		{5F9D560D-3F66-4E6B-A8A1-4FDE5AD30BCB}.Debug|x86.ActiveCfg = Debug|Any CPU
		{5F9D560D-3F66-4E6B-A8A1-4FDE5AD30BCB}.Debug|x86.Build.0 = Debug|Any CPU
		{5F9D560D-3F66-4E6B-A8A1-4FDE5AD30BCB}.Release|Any CPU.ActiveCfg = Release|Any CPU
		{5F9D560D-3F66-4E6B-A8A1-4FDE5AD30BCB}.Release|Any CPU.Build.0 = Release|Any CPU
		{5F9D560D-3F66-4E6B-A8A1-4FDE5AD30BCB}.Release|x64.ActiveCfg = Release|Any CPU
		{5F9D560D-3F66-4E6B-A8A1-4FDE5AD30BCB}.Release|x64.Build.0 = Release|Any CPU
		{5F9D560D-3F66-4E6B-A8A1-4FDE5AD30BCB}.Release|x86.ActiveCfg = Release|Any CPU
		{5F9D560D-3F66-4E6B-A8A1-4FDE5AD30BCB}.Release|x86.Build.0 = Release|Any CPU
		{5BBFB6F6-D9D2-405A-89EF-8C89645576EC}.Debug|Any CPU.ActiveCfg = Debug|Any CPU
		{5BBFB6F6-D9D2-405A-89EF-8C89645576EC}.Debug|Any CPU.Build.0 = Debug|Any CPU
		{5BBFB6F6-D9D2-405A-89EF-8C89645576EC}.Debug|x64.ActiveCfg = Debug|Any CPU
		{5BBFB6F6-D9D2-405A-89EF-8C89645576EC}.Debug|x64.Build.0 = Debug|Any CPU
		{5BBFB6F6-D9D2-405A-89EF-8C89645576EC}.Debug|x86.ActiveCfg = Debug|Any CPU
		{5BBFB6F6-D9D2-405A-89EF-8C89645576EC}.Debug|x86.Build.0 = Debug|Any CPU
		{5BBFB6F6-D9D2-405A-89EF-8C89645576EC}.Release|Any CPU.ActiveCfg = Release|Any CPU
		{5BBFB6F6-D9D2-405A-89EF-8C89645576EC}.Release|Any CPU.Build.0 = Release|Any CPU
		{5BBFB6F6-D9D2-405A-89EF-8C89645576EC}.Release|x64.ActiveCfg = Release|Any CPU
		{5BBFB6F6-D9D2-405A-89EF-8C89645576EC}.Release|x64.Build.0 = Release|Any CPU
		{5BBFB6F6-D9D2-405A-89EF-8C89645576EC}.Release|x86.ActiveCfg = Release|Any CPU
		{5BBFB6F6-D9D2-405A-89EF-8C89645576EC}.Release|x86.Build.0 = Release|Any CPU
	EndGlobalSection
EndGlobal
